
Microsoft Visual Studio Solution File, Format Version 12.00
# Visual Studio Version 16
VisualStudioVersion = 16.0.29613.14
MinimumVisualStudioVersion = 10.0.40219.1
Project("{FAE04EC0-301F-11D3-BF4B-00C04F79EFBC}") = "ConsoleApp", "ConsoleApp.csproj", "{B623B504-9BB5-4C63-9CB2-16B7CDE9DAD1}"
EndProject
Global
	GlobalSection(SolutionConfigurationPlatforms) = preSolution
		Debug|Any CPU = Debug|Any CPU
		Release|Any CPU = Release|Any CPU
	EndGlobalSection
	GlobalSection(ProjectConfigurationPlatforms) = postSolution
		{B623B504-9BB5-4C63-9CB2-16B7CDE9DAD1}.Debug|Any CPU.ActiveCfg = Debug|Any CPU
		{B623B504-9BB5-4C63-9CB2-16B7CDE9DAD1}.Debug|Any CPU.Build.0 = Debug|Any CPU
		{B623B504-9BB5-4C63-9CB2-16B7CDE9DAD1}.Release|Any CPU.ActiveCfg = Release|Any CPU
		{B623B504-9BB5-4C63-9CB2-16B7CDE9DAD1}.Release|Any CPU.Build.0 = Release|Any CPU
	EndGlobalSection
	GlobalSection(SolutionProperties) = preSolution
		HideSolutionNode = FALSE
	EndGlobalSection
	GlobalSection(ExtensibilityGlobals) = postSolution
		SolutionGuid = {3C4A98C5-5525-4845-AD06-3F424D34BB40}
	EndGlobalSection
EndGlobal
